<?xml version="1.0" encoding="UTF-8" standalone="yes" ?>
<CodeBlocks_project_file>
	<FileVersion major="1" minor="6" />
	<Project>
		<Option title="testdatastruct" />
		<Option pch_mode="2" />
		<Option compiler="gcc" />
		<Build>
			<Target title="Debug">
				<Option output="bin/Debug/testdatastruct" prefix_auto="1" extension_auto="1" />
				<Option object_output="obj/Debug/" />
				<Option type="1" />
				<Option compiler="gcc" />
				<Compiler>
					<Add option="-g" />
				</Compiler>
			</Target>
			<Target title="Release">
				<Option output="bin/Release/testdatastruct" prefix_auto="1" extension_auto="1" />
				<Option object_output="obj/Release/" />
				<Option type="1" />
				<Option compiler="gcc" />
				<Compiler>
					<Add option="-O2" />
				</Compiler>
				<Linker>
					<Add option="-s" />
				</Linker>
			</Target>
		</Build>
		<Compiler>
			<Add option="-Wall" />
		</Compiler>
		<Unit filename="../cstl/garray.c">
			<Option compilerVar="CC" />
			<Option target="Debug" />
		</Unit>
		<Unit filename="../cstl/garray.h">
			<Option target="Debug" />
		</Unit>
		<Unit filename="../cstl/glist.c">
			<Option compilerVar="CC" />
			<Option target="Debug" />
		</Unit>
		<Unit filename="../cstl/glist.h">
			<Option target="Debug" />
		</Unit>
		<Unit filename="../cstl/gmacros.h">
			<Option target="Debug" />
		</Unit>
		<Unit filename="../cstl/gstack.c">
			<Option compilerVar="CC" />
			<Option target="&lt;{~None~}&gt;" />
		</Unit>
		<Unit filename="../cstl/gstack.h">
			<Option target="&lt;{~None~}&gt;" />
		</Unit>
		<Unit filename="../cstl/gtypes.h">
			<Option target="Debug" />
		</Unit>
		<Unit filename="../cstl/gvector.c">
			<Option compilerVar="CC" />
			<Option target="Debug" />
		</Unit>
		<Unit filename="../cstl/gvector.h">
			<Option target="Debug" />
		</Unit>
		<Unit filename="main.c">
			<Option compilerVar="CC" />
		</Unit>
		<Unit filename="test_list_alloc.c">
			<Option compilerVar="CC" />
			<Option target="Debug" />
		</Unit>
		<Unit filename="test_list_alloc.h">
			<Option target="Debug" />
		</Unit>
		<Unit filename="test_vector.c">
			<Option compilerVar="CC" />
			<Option target="Debug" />
		</Unit>
		<Unit filename="test_vector.h">
			<Option target="Debug" />
		</Unit>
		<Extensions>
			<lib_finder disable_auto="1" />
			<code_completion />
			<envvars />
			<debugger />
		</Extensions>
	</Project>
</CodeBlocks_project_file>
